# This file is automatically @generated by Cargo.
# It is not intended for manual editing.
version = 4

[[package]]
name = "arch"
version = "0.1.0"

[[package]]
name = "boot"
version = "0.1.0"
dependencies = [
 "arch",
 "current",
]

[[package]]
name = "current"
version = "0.1.0"
dependencies = [
 "arch",
 "x86_64",
]

[[package]]
name = "driver"
version = "0.1.0"

[[package]]
name = "efi"
version = "0.1.0"

[[package]]
name = "fs"
version = "0.1.0"

[[package]]
name = "limine"
version = "0.1.0"

[[package]]
name = "loader"
version = "0.1.0"

[[package]]
name = "mm"
version = "0.1.0"

[[package]]
name = "utils"
version = "0.1.0"

[[package]]
name = "x86_64"
version = "0.1.0"
dependencies = [
 "arch",
]
